// !$*UTF8*$!
{
	archiveVersion = 1;
	classes = {
	};
	objectVersion = 46;
	objects = {

/* Begin PBXBuildFile section */
		8C297DFD1F55966700439612 /* main.m in Sources */ = {isa = PBXBuildFile; fileRef = 8C297DFC1F55966700439612 /* main.m */; };
		8C297E001F55966700439612 /* AppDelegate.m in Sources */ = {isa = PBXBuildFile; fileRef = 8C297DFF1F55966700439612 /* AppDelegate.m */; };
		8C297E031F55966700439612 /* ViewController.m in Sources */ = {isa = PBXBuildFile; fileRef = 8C297E021F55966700439612 /* ViewController.m */; };
		8C297E061F55966700439612 /* Main.storyboard in Resources */ = {isa = PBXBuildFile; fileRef = 8C297E041F55966700439612 /* Main.storyboard */; };
		8C297E091F55966700439612 /* Tutorial_3.xcdatamodeld in Sources */ = {isa = PBXBuildFile; fileRef = 8C297E071F55966700439612 /* Tutorial_3.xcdatamodeld */; };
		8C297E0B1F55966700439612 /* Assets.xcassets in Resources */ = {isa = PBXBuildFile; fileRef = 8C297E0A1F55966700439612 /* Assets.xcassets */; };
		8C297E0E1F55966700439612 /* LaunchScreen.storyboard in Resources */ = {isa = PBXBuildFile; fileRef = 8C297E0C1F55966700439612 /* LaunchScreen.storyboard */; };
		8C2A35171F56C242005C5285 /* ShakeGestTutorials.m in Sources */ = {isa = PBXBuildFile; fileRef = 8C2A35161F56C242005C5285 /* ShakeGestTutorials.m */; };
		8C2A351A1F56C476005C5285 /* shakeMeSilly.m in Sources */ = {isa = PBXBuildFile; fileRef = 8C2A35191F56C476005C5285 /* shakeMeSilly.m */; };
		8C2A351C1F56C514005C5285 /* edosz.ttf in Resources */ = {isa = PBXBuildFile; fileRef = 8C2A351B1F56C514005C5285 /* edosz.ttf */; };
		8C4856111F559B4700E1364E /* UISwitches.m in Sources */ = {isa = PBXBuildFile; fileRef = 8C4856101F559B4700E1364E /* UISwitches.m */; };
		8C4856141F55A10A00E1364E /* SegmentedControlsTut.m in Sources */ = {isa = PBXBuildFile; fileRef = 8C4856131F55A10A00E1364E /* SegmentedControlsTut.m */; };
		8C4856171F55A56B00E1364E /* DigitalClockTut.m in Sources */ = {isa = PBXBuildFile; fileRef = 8C4856161F55A56B00E1364E /* DigitalClockTut.m */; };
		8C4856191F55A8D500E1364E /* digital-7.ttf in Resources */ = {isa = PBXBuildFile; fileRef = 8C4856181F55A8D500E1364E /* digital-7.ttf */; };
		8C48561C1F55B66900E1364E /* UISlidersTut.m in Sources */ = {isa = PBXBuildFile; fileRef = 8C48561B1F55B66900E1364E /* UISlidersTut.m */; };
		8C48561F1F55B90E00E1364E /* TempCalculator.m in Sources */ = {isa = PBXBuildFile; fileRef = 8C48561E1F55B90E00E1364E /* TempCalculator.m */; };
/* End PBXBuildFile section */

/* Begin PBXFileReference section */
		8C297DF81F55966700439612 /* Tutorial 3.app */ = {isa = PBXFileReference; explicitFileType = wrapper.application; includeInIndex = 0; path = "Tutorial 3.app"; sourceTree = BUILT_PRODUCTS_DIR; };
		8C297DFC1F55966700439612 /* main.m */ = {isa = PBXFileReference; lastKnownFileType = sourcecode.c.objc; path = main.m; sourceTree = "<group>"; };
		8C297DFE1F55966700439612 /* AppDelegate.h */ = {isa = PBXFileReference; lastKnownFileType = sourcecode.c.h; path = AppDelegate.h; sourceTree = "<group>"; };
		8C297DFF1F55966700439612 /* AppDelegate.m */ = {isa = PBXFileReference; lastKnownFileType = sourcecode.c.objc; path = AppDelegate.m; sourceTree = "<group>"; };
		8C297E011F55966700439612 /* ViewController.h */ = {isa = PBXFileReference; lastKnownFileType = sourcecode.c.h; path = ViewController.h; sourceTree = "<group>"; };
		8C297E021F55966700439612 /* ViewController.m */ = {isa = PBXFileReference; lastKnownFileType = sourcecode.c.objc; path = ViewController.m; sourceTree = "<group>"; };
		8C297E051F55966700439612 /* Base */ = {isa = PBXFileReference; lastKnownFileType = file.storyboard; name = Base; path = Base.lproj/Main.storyboard; sourceTree = "<group>"; };
		8C297E081F55966700439612 /* Tutorial_3.xcdatamodel */ = {isa = PBXFileReference; lastKnownFileType = wrapper.xcdatamodel; path = Tutorial_3.xcdatamodel; sourceTree = "<group>"; };
		8C297E0A1F55966700439612 /* Assets.xcassets */ = {isa = PBXFileReference; lastKnownFileType = folder.assetcatalog; path = Assets.xcassets; sourceTree = "<group>"; };
		8C297E0D1F55966700439612 /* Base */ = {isa = PBXFileReference; lastKnownFileType = file.storyboard; name = Base; path = Base.lproj/LaunchScreen.storyboard; sourceTree = "<group>"; };
		8C297E0F1F55966700439612 /* Info.plist */ = {isa = PBXFileReference; lastKnownFileType = text.plist.xml; path = Info.plist; sourceTree = "<group>"; };
		8C2A35151F56C242005C5285 /* ShakeGestTutorials.h */ = {isa = PBXFileReference; fileEncoding = 4; lastKnownFileType = sourcecode.c.h; path = ShakeGestTutorials.h; sourceTree = "<group>"; };
		8C2A35161F56C242005C5285 /* ShakeGestTutorials.m */ = {isa = PBXFileReference; fileEncoding = 4; lastKnownFileType = sourcecode.c.objc; path = ShakeGestTutorials.m; sourceTree = "<group>"; };
		8C2A35181F56C476005C5285 /* shakeMeSilly.h */ = {isa = PBXFileReference; fileEncoding = 4; lastKnownFileType = sourcecode.c.h; path = shakeMeSilly.h; sourceTree = "<group>"; };
		8C2A35191F56C476005C5285 /* shakeMeSilly.m */ = {isa = PBXFileReference; fileEncoding = 4; lastKnownFileType = sourcecode.c.objc; path = shakeMeSilly.m; sourceTree = "<group>"; };
		8C2A351B1F56C514005C5285 /* edosz.ttf */ = {isa = PBXFileReference; lastKnownFileType = file; path = edosz.ttf; sourceTree = "<group>"; };
		8C48560F1F559B4700E1364E /* UISwitches.h */ = {isa = PBXFileReference; fileEncoding = 4; lastKnownFileType = sourcecode.c.h; path = UISwitches.h; sourceTree = "<group>"; };
		8C4856101F559B4700E1364E /* UISwitches.m */ = {isa = PBXFileReference; fileEncoding = 4; lastKnownFileType = sourcecode.c.objc; path = UISwitches.m; sourceTree = "<group>"; };
		8C4856121F55A10A00E1364E /* SegmentedControlsTut.h */ = {isa = PBXFileReference; fileEncoding = 4; lastKnownFileType = sourcecode.c.h; path = SegmentedControlsTut.h; sourceTree = "<group>"; };
		8C4856131F55A10A00E1364E /* SegmentedControlsTut.m */ = {isa = PBXFileReference; fileEncoding = 4; lastKnownFileType = sourcecode.c.objc; path = SegmentedControlsTut.m; sourceTree = "<group>"; };
		8C4856151F55A56B00E1364E /* DigitalClockTut.h */ = {isa = PBXFileReference; fileEncoding = 4; lastKnownFileType = sourcecode.c.h; path = DigitalClockTut.h; sourceTree = "<group>"; };
		8C4856161F55A56B00E1364E /* DigitalClockTut.m */ = {isa = PBXFileReference; fileEncoding = 4; lastKnownFileType = sourcecode.c.objc; path = DigitalClockTut.m; sourceTree = "<group>"; };
		8C4856181F55A8D500E1364E /* digital-7.ttf */ = {isa = PBXFileReference; lastKnownFileType = file; path = "digital-7.ttf"; sourceTree = "<group>"; };
		8C48561A1F55B66900E1364E /* UISlidersTut.h */ = {isa = PBXFileReference; fileEncoding = 4; lastKnownFileType = sourcecode.c.h; path = UISlidersTut.h; sourceTree = "<group>"; };
		8C48561B1F55B66900E1364E /* UISlidersTut.m */ = {isa = PBXFileReference; fileEncoding = 4; lastKnownFileType = sourcecode.c.objc; path = UISlidersTut.m; sourceTree = "<group>"; };
		8C48561D1F55B90E00E1364E /* TempCalculator.h */ = {isa = PBXFileReference; fileEncoding = 4; lastKnownFileType = sourcecode.c.h; path = TempCalculator.h; sourceTree = "<group>"; };
		8C48561E1F55B90E00E1364E /* TempCalculator.m */ = {isa = PBXFileReference; fileEncoding = 4; lastKnownFileType = sourcecode.c.objc; path = TempCalculator.m; sourceTree = "<group>"; };
/* End PBXFileReference section */

/* Begin PBXFrameworksBuildPhase section */
		8C297DF51F55966700439612 /* Frameworks */ = {
			isa = PBXFrameworksBuildPhase;
			buildActionMask = 2147483647;
			files = (
			);
			runOnlyForDeploymentPostprocessing = 0;
		};
/* End PBXFrameworksBuildPhase section */

/* Begin PBXGroup section */
		8C297DEF1F55966700439612 = {
			isa = PBXGroup;
			children = (
				8C297DFA1F55966700439612 /* Tutorial 3 */,
				8C297DF91F55966700439612 /* Products */,
			);
			sourceTree = "<group>";
		};
		8C297DF91F55966700439612 /* Products */ = {
			isa = PBXGroup;
			children = (
				8C297DF81F55966700439612 /* Tutorial 3.app */,
			);
			name = Products;
			sourceTree = "<group>";
		};
		8C297DFA1F55966700439612 /* Tutorial 3 */ = {
			isa = PBXGroup;
			children = (
				8C297DFE1F55966700439612 /* AppDelegate.h */,
				8C297DFF1F55966700439612 /* AppDelegate.m */,
				8C297E011F55966700439612 /* ViewController.h */,
				8C297E021F55966700439612 /* ViewController.m */,
				8C4856151F55A56B00E1364E /* DigitalClockTut.h */,
				8C4856161F55A56B00E1364E /* DigitalClockTut.m */,
				8C48561A1F55B66900E1364E /* UISlidersTut.h */,
				8C48561B1F55B66900E1364E /* UISlidersTut.m */,
				8C48561D1F55B90E00E1364E /* TempCalculator.h */,
				8C48561E1F55B90E00E1364E /* TempCalculator.m */,
				8C2A35151F56C242005C5285 /* ShakeGestTutorials.h */,
				8C2A35161F56C242005C5285 /* ShakeGestTutorials.m */,
				8C2A35181F56C476005C5285 /* shakeMeSilly.h */,
				8C2A35191F56C476005C5285 /* shakeMeSilly.m */,
				8C297E041F55966700439612 /* Main.storyboard */,
				8C297E0A1F55966700439612 /* Assets.xcassets */,
				8C297E0C1F55966700439612 /* LaunchScreen.storyboard */,
				8C48560F1F559B4700E1364E /* UISwitches.h */,
				8C4856121F55A10A00E1364E /* SegmentedControlsTut.h */,
				8C4856131F55A10A00E1364E /* SegmentedControlsTut.m */,
				8C4856101F559B4700E1364E /* UISwitches.m */,
				8C297E0F1F55966700439612 /* Info.plist */,
				8C297E071F55966700439612 /* Tutorial_3.xcdatamodeld */,
				8C297DFB1F55966700439612 /* Supporting Files */,
			);
			path = "Tutorial 3";
			sourceTree = "<group>";
		};
		8C297DFB1F55966700439612 /* Supporting Files */ = {
			isa = PBXGroup;
			children = (
				8C2A351B1F56C514005C5285 /* edosz.ttf */,
				8C4856181F55A8D500E1364E /* digital-7.ttf */,
				8C297DFC1F55966700439612 /* main.m */,
			);
			name = "Supporting Files";
			sourceTree = "<group>";
		};
/* End PBXGroup section */

/* Begin PBXNativeTarget section */
		8C297DF71F55966700439612 /* Tutorial 3 */ = {
			isa = PBXNativeTarget;
			buildConfigurationList = 8C297E121F55966700439612 /* Build configuration list for PBXNativeTarget "Tutorial 3" */;
			buildPhases = (
				8C297DF41F55966700439612 /* Sources */,
				8C297DF51F55966700439612 /* Frameworks */,
				8C297DF61F55966700439612 /* Resources */,
			);
			buildRules = (
			);
			dependencies = (
			);
			name = "Tutorial 3";
			productName = "Tutorial 3";
			productReference = 8C297DF81F55966700439612 /* Tutorial 3.app */;
			productType = "com.apple.product-type.application";
		};
/* End PBXNativeTarget section */

/* Begin PBXProject section */
		8C297DF01F55966700439612 /* Project object */ = {
			isa = PBXProject;
			attributes = {
				LastUpgradeCheck = 0830;
				ORGANIZATIONNAME = "Apps & Games";
				TargetAttributes = {
					8C297DF71F55966700439612 = {
						CreatedOnToolsVersion = 8.3.2;
						DevelopmentTeam = T24WE95KS9;
						ProvisioningStyle = Automatic;
					};
				};
			};
			buildConfigurationList = 8C297DF31F55966700439612 /* Build configuration list for PBXProject "Tutorial 3" */;
			compatibilityVersion = "Xcode 3.2";
			developmentRegion = English;
			hasScannedForEncodings = 0;
			knownRegions = (
				en,
				Base,
			);
			mainGroup = 8C297DEF1F55966700439612;
			productRefGroup = 8C297DF91F55966700439612 /* Products */;
			projectDirPath = "";
			projectRoot = "";
			targets = (
				8C297DF71F55966700439612 /* Tutorial 3 */,
			);
		};
/* End PBXProject section */

/* Begin PBXResourcesBuildPhase section */
		8C297DF61F55966700439612 /* Resources */ = {
			isa = PBXResourcesBuildPhase;
			buildActionMask = 2147483647;
			files = (
				8C297E0E1F55966700439612 /* LaunchScreen.storyboard in Resources */,
				8C2A351C1F56C514005C5285 /* edosz.ttf in Resources */,
				8C297E0B1F55966700439612 /* Assets.xcassets in Resources */,
				8C297E061F55966700439612 /* Main.storyboard in Resources */,
				8C4856191F55A8D500E1364E /* digital-7.ttf in Resources */,
			);
			runOnlyForDeploymentPostprocessing = 0;
		};
/* End PBXResourcesBuildPhase section */

/* Begin PBXSourcesBuildPhase section */
		8C297DF41F55966700439612 /* Sources */ = {
			isa = PBXSourcesBuildPhase;
			buildActionMask = 2147483647;
			files = (
				8C4856141F55A10A00E1364E /* SegmentedControlsTut.m in Sources */,
				8C2A351A1F56C476005C5285 /* shakeMeSilly.m in Sources */,
				8C297E031F55966700439612 /* ViewController.m in Sources */,
				8C48561C1F55B66900E1364E /* UISlidersTut.m in Sources */,
				8C48561F1F55B90E00E1364E /* TempCalculator.m in Sources */,
				8C297E091F55966700439612 /* Tutorial_3.xcdatamodeld in Sources */,
				8C4856171F55A56B00E1364E /* DigitalClockTut.m in Sources */,
				8C4856111F559B4700E1364E /* UISwitches.m in Sources */,
				8C2A35171F56C242005C5285 /* ShakeGestTutorials.m in Sources */,
				8C297E001F55966700439612 /* AppDelegate.m in Sources */,
				8C297DFD1F55966700439612 /* main.m in Sources */,
			);
			runOnlyForDeploymentPostprocessing = 0;
		};
/* End PBXSourcesBuildPhase section */

/* Begin PBXVariantGroup section */
		8C297E041F55966700439612 /* Main.storyboard */ = {
			isa = PBXVariantGroup;
			children = (
				8C297E051F55966700439612 /* Base */,
			);
			name = Main.storyboard;
			sourceTree = "<group>";
		};
		8C297E0C1F55966700439612 /* LaunchScreen.storyboard */ = {
			isa = PBXVariantGroup;
			children = (
				8C297E0D1F55966700439612 /* Base */,
			);
			name = LaunchScreen.storyboard;
			sourceTree = "<group>";
		};
/* End PBXVariantGroup section */

/* Begin XCBuildConfiguration section */
		8C297E101F55966700439612 /* Debug */ = {
			isa = XCBuildConfiguration;
			buildSettings = {
				ALWAYS_SEARCH_USER_PATHS = NO;
				CLANG_ANALYZER_NONNULL = YES;
				CLANG_ANALYZER_NUMBER_OBJECT_CONVERSION = YES_AGGRESSIVE;
				CLANG_CXX_LANGUAGE_STANDARD = "gnu++0x";
				CLANG_CXX_LIBRARY = "libc++";
				CLANG_ENABLE_MODULES = YES;
				CLANG_ENABLE_OBJC_ARC = YES;
				CLANG_WARN_BOOL_CONVERSION = YES;
				CLANG_WARN_CONSTANT_CONVERSION = YES;
				CLANG_WARN_DIRECT_OBJC_ISA_USAGE = YES_ERROR;
				CLANG_WARN_DOCUMENTATION_COMMENTS = YES;
				CLANG_WARN_EMPTY_BODY = YES;
				CLANG_WARN_ENUM_CONVERSION = YES;
				CLANG_WARN_INFINITE_RECURSION = YES;
				CLANG_WARN_INT_CONVERSION = YES;
				CLANG_WARN_OBJC_ROOT_CLASS = YES_ERROR;
				CLANG_WARN_SUSPICIOUS_MOVE = YES;
				CLANG_WARN_UNREACHABLE_CODE = YES;
				CLANG_WARN__DUPLICATE_METHOD_MATCH = YES;
				"CODE_SIGN_IDENTITY[sdk=iphoneos*]" = "iPhone Developer";
				COPY_PHASE_STRIP = NO;
				DEBUG_INFORMATION_FORMAT = dwarf;
				ENABLE_STRICT_OBJC_MSGSEND = YES;
				ENABLE_TESTABILITY = YES;
				GCC_C_LANGUAGE_STANDARD = gnu99;
				GCC_DYNAMIC_NO_PIC = NO;
				GCC_NO_COMMON_BLOCKS = YES;
				GCC_OPTIMIZATION_LEVEL = 0;
				GCC_PREPROCESSOR_DEFINITIONS = (
					"DEBUG=1",
					"$(inherited)",
				);
				GCC_WARN_64_TO_32_BIT_CONVERSION = YES;
				GCC_WARN_ABOUT_RETURN_TYPE = YES_ERROR;
				GCC_WARN_UNDECLARED_SELECTOR = YES;
				GCC_WARN_UNINITIALIZED_AUTOS = YES_AGGRESSIVE;
				GCC_WARN_UNUSED_FUNCTION = YES;
				GCC_WARN_UNUSED_VARIABLE = YES;
				IPHONEOS_DEPLOYMENT_TARGET = 10.3;
				MTL_ENABLE_DEBUG_INFO = YES;
				ONLY_ACTIVE_ARCH = YES;
				SDKROOT = iphoneos;
				TARGETED_DEVICE_FAMILY = "1,2";
			};
			name = Debug;
		};
		8C297E111F55966700439612 /* Release */ = {
			isa = XCBuildConfiguration;
			buildSettings = {
				ALWAYS_SEARCH_USER_PATHS = NO;
				CLANG_ANALYZER_NONNULL = YES;
				CLANG_ANALYZER_NUMBER_OBJECT_CONVERSION = YES_AGGRESSIVE;
				CLANG_CXX_LANGUAGE_STANDARD = "gnu++0x";
				CLANG_CXX_LIBRARY = "libc++";
				CLANG_ENABLE_MODULES = YES;
				CLANG_ENABLE_OBJC_ARC = YES;
				CLANG_WARN_BOOL_CONVERSION = YES;
				CLANG_WARN_CONSTANT_CONVERSION = YES;
				CLANG_WARN_DIRECT_OBJC_ISA_USAGE = YES_ERROR;
				CLANG_WARN_DOCUMENTATION_COMMENTS = YES;
				CLANG_WARN_EMPTY_BODY = YES;
				CLANG_WARN_ENUM_CONVERSION = YES;
				CLANG_WARN_INFINITE_RECURSION = YES;
				CLANG_WARN_INT_CONVERSION = YES;
				CLANG_WARN_OBJC_ROOT_CLASS = YES_ERROR;
				CLANG_WARN_SUSPICIOUS_MOVE = YES;
				CLANG_WARN_UNREACHABLE_CODE = YES;
				CLANG_WARN__DUPLICATE_METHOD_MATCH = YES;
				"CODE_SIGN_IDENTITY[sdk=iphoneos*]" = "iPhone Developer";
				COPY_PHASE_STRIP = NO;
				DEBUG_INFORMATION_FORMAT = "dwarf-with-dsym";
				ENABLE_NS_ASSERTIONS = NO;
				ENABLE_STRICT_OBJC_MSGSEND = YES;
				GCC_C_LANGUAGE_STANDARD = gnu99;
				GCC_NO_COMMON_BLOCKS = YES;
				GCC_WARN_64_TO_32_BIT_CONVERSION = YES;
				GCC_WARN_ABOUT_RETURN_TYPE = YES_ERROR;
				GCC_WARN_UNDECLARED_SELECTOR = YES;
				GCC_WARN_UNINITIALIZED_AUTOS = YES_AGGRESSIVE;
				GCC_WARN_UNUSED_FUNCTION = YES;
				GCC_WARN_UNUSED_VARIABLE = YES;
				IPHONEOS_DEPLOYMENT_TARGET = 10.3;
				MTL_ENABLE_DEBUG_INFO = NO;
				SDKROOT = iphoneos;
				TARGETED_DEVICE_FAMILY = "1,2";
				VALIDATE_PRODUCT = YES;
			};
			name = Release;
		};
		8C297E131F55966700439612 /* Debug */ = {
			isa = XCBuildConfiguration;
			buildSettings = {
				ASSETCATALOG_COMPILER_APPICON_NAME = AppIcon;
				DEVELOPMENT_TEAM = T24WE95KS9;
				INFOPLIST_FILE = "Tutorial 3/Info.plist";
				LD_RUNPATH_SEARCH_PATHS = "$(inherited) @executable_path/Frameworks";
				PRODUCT_BUNDLE_IDENTIFIER = "com.appsandgamesinc.Tutorial-3";
				PRODUCT_NAME = "$(TARGET_NAME)";
			};
			name = Debug;
		};
		8C297E141F55966700439612 /* Release */ = {
			isa = XCBuildConfiguration;
			buildSettings = {
				ASSETCATALOG_COMPILER_APPICON_NAME = AppIcon;
				DEVELOPMENT_TEAM = T24WE95KS9;
				INFOPLIST_FILE = "Tutorial 3/Info.plist";
				LD_RUNPATH_SEARCH_PATHS = "$(inherited) @executable_path/Frameworks";
				PRODUCT_BUNDLE_IDENTIFIER = "com.appsandgamesinc.Tutorial-3";
				PRODUCT_NAME = "$(TARGET_NAME)";
			};
			name = Release;
		};
/* End XCBuildConfiguration section */

/* Begin XCConfigurationList section */
		8C297DF31F55966700439612 /* Build configuration list for PBXProject "Tutorial 3" */ = {
			isa = XCConfigurationList;
			buildConfigurations = (
				8C297E101F55966700439612 /* Debug */,
				8C297E111F55966700439612 /* Release */,
			);
			defaultConfigurationIsVisible = 0;
			defaultConfigurationName = Release;
		};
		8C297E121F55966700439612 /* Build configuration list for PBXNativeTarget "Tutorial 3" */ = {
			isa = XCConfigurationList;
			buildConfigurations = (
				8C297E131F55966700439612 /* Debug */,
				8C297E141F55966700439612 /* Release */,
			);
			defaultConfigurationIsVisible = 0;
			defaultConfigurationName = Release;
		};
/* End XCConfigurationList section */

/* Begin XCVersionGroup section */
		8C297E071F55966700439612 /* Tutorial_3.xcdatamodeld */ = {
			isa = XCVersionGroup;
			children = (
				8C297E081F55966700439612 /* Tutorial_3.xcdatamodel */,
			);
			currentVersion = 8C297E081F55966700439612 /* Tutorial_3.xcdatamodel */;
			path = Tutorial_3.xcdatamodeld;
			sourceTree = "<group>";
			versionGroupType = wrapper.xcdatamodel;
		};
/* End XCVersionGroup section */
	};
	rootObject = 8C297DF01F55966700439612 /* Project object */;
}
